
Microsoft Visual Studio Solution File, Format Version 12.00
# Visual Studio Version 17
VisualStudioVersion = 17.0.31903.59
MinimumVisualStudioVersion = 10.0.40219.1
Project("{2150E333-8FDC-42A3-9474-1A3956D46DE8}") = "src", "src", "{827E0CD3-B72D-47B6-A68D-7590B98EB39B}"
EndProject
Project("{FAE04EC0-301F-11D3-BF4B-00C04F79EFBC}") = "PhoneMic.Core", "src\PhoneMic.Core\PhoneMic.Core.csproj", "{30568824-8097-4CD8-8A50-550E92F1CD4B}"
EndProject
Project("{2150E333-8FDC-42A3-9474-1A3956D46DE8}") = "tools", "tools", "{07C2787E-EAC7-C090-1BA3-A61EC2A24D84}"
EndProject
Project("{FAE04EC0-301F-11D3-BF4B-00C04F79EFBC}") = "PhoneMic.Probe", "tools\PhoneMic.Probe\PhoneMic.Probe.csproj", "{F6213777-DC5F-4A9A-9020-06ECEF6E8FE8}"
EndProject
Project("{FAE04EC0-301F-11D3-BF4B-00C04F79EFBC}") = "PhoneMic", "src\PhoneMic\PhoneMic.csproj", "{4668A770-81E4-4266-BF81-816FB65D0F69}"
EndProject
Project("{2150E333-8FDC-42A3-9474-1A3956D46DE8}") = "tests", "tests", "{0AB3BF05-4346-4AA6-1389-037BE0695223}"
EndProject
Project("{FAE04EC0-301F-11D3-BF4B-00C04F79EFBC}") = "PhoneMic.Core.Tests", "tests\PhoneMic.Core.Tests\PhoneMic.Core.Tests.csproj", "{6A20A4F8-8DC4-4110-924B-D013A3AC2F75}"
EndProject
Global
	GlobalSection(SolutionConfigurationPlatforms) = preSolution
		Debug|Any CPU = Debug|Any CPU
		Debug|x64 = Debug|x64
		Debug|x86 = Debug|x86
		Release|Any CPU = Release|Any CPU
		Release|x64 = Release|x64
		Release|x86 = Release|x86
	EndGlobalSection
	GlobalSection(ProjectConfigurationPlatforms) = postSolution
		{30568824-8097-4CD8-8A50-550E92F1CD4B}.Debug|Any CPU.ActiveCfg = Debug|Any CPU
		{30568824-8097-4CD8-8A50-550E92F1CD4B}.Debug|Any CPU.Build.0 = Debug|Any CPU
		{30568824-8097-4CD8-8A50-550E92F1CD4B}.Debug|x64.ActiveCfg = Debug|Any CPU
		{30568824-8097-4CD8-8A50-550E92F1CD4B}.Debug|x64.Build.0 = Debug|Any CPU
		{30568824-8097-4CD8-8A50-550E92F1CD4B}.Debug|x86.ActiveCfg = Debug|Any CPU
		{30568824-8097-4CD8-8A50-550E92F1CD4B}.Debug|x86.Build.0 = Debug|Any CPU
		{30568824-8097-4CD8-8A50-550E92F1CD4B}.Release|Any CPU.ActiveCfg = Release|Any CPU
		{30568824-8097-4CD8-8A50-550E92F1CD4B}.Release|Any CPU.Build.0 = Release|Any CPU
		{30568824-8097-4CD8-8A50-550E92F1CD4B}.Release|x64.ActiveCfg = Release|Any CPU
		{30568824-8097-4CD8-8A50-550E92F1CD4B}.Release|x64.Build.0 = Release|Any CPU
		{30568824-8097-4CD8-8A50-550E92F1CD4B}.Release|x86.ActiveCfg = Release|Any CPU
		{30568824-8097-4CD8-8A50-550E92F1CD4B}.Release|x86.Build.0 = Release|Any CPU
		{F6213777-DC5F-4A9A-9020-06ECEF6E8FE8}.Debug|Any CPU.ActiveCfg = Debug|Any CPU
		{F6213777-DC5F-4A9A-9020-06ECEF6E8FE8}.Debug|Any CPU.Build.0 = Debug|Any CPU
		{F6213777-DC5F-4A9A-9020-06ECEF6E8FE8}.Debug|x64.ActiveCfg = Debug|Any CPU
		{F6213777-DC5F-4A9A-9020-06ECEF6E8FE8}.Debug|x64.Build.0 = Debug|Any CPU
		{F6213777-DC5F-4A9A-9020-06ECEF6E8FE8}.Debug|x86.ActiveCfg = Debug|Any CPU
		{F6213777-DC5F-4A9A-9020-06ECEF6E8FE8}.Debug|x86.Build.0 = Debug|Any CPU
		{F6213777-DC5F-4A9A-9020-06ECEF6E8FE8}.Release|Any CPU.ActiveCfg = Release|Any CPU
		{F6213777-DC5F-4A9A-9020-06ECEF6E8FE8}.Release|Any CPU.Build.0 = Release|Any CPU
		{F6213777-DC5F-4A9A-9020-06ECEF6E8FE8}.Release|x64.ActiveCfg = Release|Any CPU
		{F6213777-DC5F-4A9A-9020-06ECEF6E8FE8}.Release|x64.Build.0 = Release|Any CPU
		{F6213777-DC5F-4A9A-9020-06ECEF6E8FE8}.Release|x86.ActiveCfg = Release|Any CPU
		{F6213777-DC5F-4A9A-9020-06ECEF6E8FE8}.Release|x86.Build.0 = Release|Any CPU
		{4668A770-81E4-4266-BF81-816FB65D0F69}.Debug|Any CPU.ActiveCfg = Debug|Any CPU
		{4668A770-81E4-4266-BF81-816FB65D0F69}.Debug|Any CPU.Build.0 = Debug|Any CPU
		{4668A770-81E4-4266-BF81-816FB65D0F69}.Debug|x64.ActiveCfg = Debug|Any CPU
		{4668A770-81E4-4266-BF81-816FB65D0F69}.Debug|x64.Build.0 = Debug|Any CPU
		{4668A770-81E4-4266-BF81-816FB65D0F69}.Debug|x86.ActiveCfg = Debug|Any CPU
		{4668A770-81E4-4266-BF81-816FB65D0F69}.Debug|x86.Build.0 = Debug|Any CPU
		{4668A770-81E4-4266-BF81-816FB65D0F69}.Release|Any CPU.ActiveCfg = Release|Any CPU
		{4668A770-81E4-4266-BF81-816FB65D0F69}.Release|Any CPU.Build.0 = Release|Any CPU
		{4668A770-81E4-4266-BF81-816FB65D0F69}.Release|x64.ActiveCfg = Release|Any CPU
		{4668A770-81E4-4266-BF81-816FB65D0F69}.Release|x64.Build.0 = Release|Any CPU
		{4668A770-81E4-4266-BF81-816FB65D0F69}.Release|x86.ActiveCfg = Release|Any CPU
		{4668A770-81E4-4266-BF81-816FB65D0F69}.Release|x86.Build.0 = Release|Any CPU
		{6A20A4F8-8DC4-4110-924B-D013A3AC2F75}.Debug|Any CPU.ActiveCfg = Debug|Any CPU
		{6A20A4F8-8DC4-4110-924B-D013A3AC2F75}.Debug|Any CPU.Build.0 = Debug|Any CPU
		{6A20A4F8-8DC4-4110-924B-D013A3AC2F75}.Debug|x64.ActiveCfg = Debug|Any CPU
		{6A20A4F8-8DC4-4110-924B-D013A3AC2F75}.Debug|x64.Build.0 = Debug|Any CPU
		{6A20A4F8-8DC4-4110-924B-D013A3AC2F75}.Debug|x86.ActiveCfg = Debug|Any CPU
		{6A20A4F8-8DC4-4110-924B-D013A3AC2F75}.Debug|x86.Build.0 = Debug|Any CPU
		{6A20A4F8-8DC4-4110-924B-D013A3AC2F75}.Release|Any CPU.ActiveCfg = Release|Any CPU
		{6A20A4F8-8DC4-4110-924B-D013A3AC2F75}.Release|Any CPU.Build.0 = Release|Any CPU
		{6A20A4F8-8DC4-4110-924B-D013A3AC2F75}.Release|x64.ActiveCfg = Release|Any CPU
		{6A20A4F8-8DC4-4110-924B-D013A3AC2F75}.Release|x64.Build.0 = Release|Any CPU
		{6A20A4F8-8DC4-4110-924B-D013A3AC2F75}.Release|x86.ActiveCfg = Release|Any CPU
		{6A20A4F8-8DC4-4110-924B-D013A3AC2F75}.Release|x86.Build.0 = Release|Any CPU
	EndGlobalSection
	GlobalSection(SolutionProperties) = preSolution
		HideSolutionNode = FALSE
	EndGlobalSection
	GlobalSection(NestedProjects) = preSolution
		{30568824-8097-4CD8-8A50-550E92F1CD4B} = {827E0CD3-B72D-47B6-A68D-7590B98EB39B}
		{F6213777-DC5F-4A9A-9020-06ECEF6E8FE8} = {07C2787E-EAC7-C090-1BA3-A61EC2A24D84}
		{4668A770-81E4-4266-BF81-816FB65D0F69} = {827E0CD3-B72D-47B6-A68D-7590B98EB39B}
		{6A20A4F8-8DC4-4110-924B-D013A3AC2F75} = {0AB3BF05-4346-4AA6-1389-037BE0695223}
	EndGlobalSection
EndGlobal
